
Microsoft Visual Studio Solution File, Format Version 12.00
# Visual Studio Version 17
VisualStudioVersion = 17.6.33829.357
MinimumVisualStudioVersion = 10.0.40219.1
Project("{9A19103F-16F7-4668-BE54-9A1E7A4F7556}") = "WeatherPrototype", "WeatherPrototype\WeatherPrototype.csproj", "{C4E7A5F1-53F3-4502-A895-78DB5973197C}"
EndProject
Global
	GlobalSection(SolutionConfigurationPlatforms) = preSolution
		Debug|Any CPU = Debug|Any CPU
		Debug|x64 = Debug|x64
		Release|Any CPU = Release|Any CPU
		Release|x64 = Release|x64
	EndGlobalSection
	GlobalSection(ProjectConfigurationPlatforms) = postSolution
		{C4E7A5F1-53F3-4502-A895-78DB5973197C}.Debug|Any CPU.ActiveCfg = Debug|Any CPU
		{C4E7A5F1-53F3-4502-A895-78DB5973197C}.Debug|Any CPU.Build.0 = Debug|Any CPU
		{C4E7A5F1-53F3-4502-A895-78DB5973197C}.Debug|x64.ActiveCfg = Debug|x64
		{C4E7A5F1-53F3-4502-A895-78DB5973197C}.Debug|x64.Build.0 = Debug|x64
		{C4E7A5F1-53F3-4502-A895-78DB5973197C}.Release|Any CPU.ActiveCfg = Release|Any CPU
		{C4E7A5F1-53F3-4502-A895-78DB5973197C}.Release|Any CPU.Build.0 = Release|Any CPU
		{C4E7A5F1-53F3-4502-A895-78DB5973197C}.Release|x64.ActiveCfg = Release|x64
		{C4E7A5F1-53F3-4502-A895-78DB5973197C}.Release|x64.Build.0 = Release|x64
	EndGlobalSection
	GlobalSection(SolutionProperties) = preSolution
		HideSolutionNode = FALSE
	EndGlobalSection
	GlobalSection(ExtensibilityGlobals) = postSolution
		SolutionGuid = {1C75F0A2-4A93-4D8D-AB7C-6577449168BD}
	EndGlobalSection
EndGlobal
